
Microsoft Visual Studio Solution File, Format Version 12.00
# Visual Studio Version 17
VisualStudioVersion = 17.14.36221.1 d17.14
MinimumVisualStudioVersion = 10.0.40219.1
Project("{FAE04EC0-301F-11D3-BF4B-00C04F79EFBC}") = "Academico", "Academico\Academico.csproj", "{BA55901D-F928-43FA-931E-52A0E9D089A7}"
EndProject
Global
	GlobalSection(SolutionConfigurationPlatforms) = preSolution
		Debug|Any CPU = Debug|Any CPU
		Release|Any CPU = Release|Any CPU
	EndGlobalSection
	GlobalSection(ProjectConfigurationPlatforms) = postSolution
		{BA55901D-F928-43FA-931E-52A0E9D089A7}.Debug|Any CPU.ActiveCfg = Debug|Any CPU
		{BA55901D-F928-43FA-931E-52A0E9D089A7}.Debug|Any CPU.Build.0 = Debug|Any CPU
		{BA55901D-F928-43FA-931E-52A0E9D089A7}.Release|Any CPU.ActiveCfg = Release|Any CPU
		{BA55901D-F928-43FA-931E-52A0E9D089A7}.Release|Any CPU.Build.0 = Release|Any CPU
	EndGlobalSection
	GlobalSection(SolutionProperties) = preSolution
		HideSolutionNode = FALSE
	EndGlobalSection
	GlobalSection(ExtensibilityGlobals) = postSolution
		SolutionGuid = {14AD6D61-A495-4453-9262-A6D3A508F4F4}
	EndGlobalSection
EndGlobal
